
Microsoft Visual Studio Solution File, Format Version 12.00
# Visual Studio 15
VisualStudioVersion = 15.0.28307.2092
MinimumVisualStudioVersion = 10.0.40219.1
Project("{6989167D-11E4-40FE-8C1A-2192A86A7E90}") = "SecondFortranProject", "SecondFortranProject\SecondFortranProject.vfproj", "{63D02372-ACB4-4185-AE06-658FF4BEDD29}"
EndProject
Global
	GlobalSection(SolutionConfigurationPlatforms) = preSolution
		Debug|x86 = Debug|x86
		Release|x86 = Release|x86
	EndGlobalSection
	GlobalSection(ProjectConfigurationPlatforms) = postSolution
		{63D02372-ACB4-4185-AE06-658FF4BEDD29}.Debug|x86.ActiveCfg = Debug|Win32
		{63D02372-ACB4-4185-AE06-658FF4BEDD29}.Debug|x86.Build.0 = Debug|Win32
		{63D02372-ACB4-4185-AE06-658FF4BEDD29}.Release|x86.ActiveCfg = Release|Win32
		{63D02372-ACB4-4185-AE06-658FF4BEDD29}.Release|x86.Build.0 = Release|Win32
	EndGlobalSection
	GlobalSection(SolutionProperties) = preSolution
		HideSolutionNode = FALSE
	EndGlobalSection
	GlobalSection(ExtensibilityGlobals) = postSolution
		SolutionGuid = {C8F287C1-AFB1-4447-A399-C302625747BF}
	EndGlobalSection
EndGlobal
